// !$*UTF8*$!
{
	archiveVersion = 1;
	classes = {
	};
	objectVersion = 48;
	objects = {

/* Begin PBXBuildFile section */
		282E2F51207AB6CD00BF169A /* ComposeViewController.swift in Sources */ = {isa = PBXBuildFile; fileRef = 282E2F50207AB6CD00BF169A /* ComposeViewController.swift */; };
		287288522075BCA90044D89F /* ProfileViewController.swift in Sources */ = {isa = PBXBuildFile; fileRef = 287288512075BCA80044D89F /* ProfileViewController.swift */; };
		2872885A2075CBF80044D89F /* SettingsTableViewController.swift in Sources */ = {isa = PBXBuildFile; fileRef = 287288592075CBF80044D89F /* SettingsTableViewController.swift */; };
		28B821C32080278B00B03890 /* EditProfileViewController.swift in Sources */ = {isa = PBXBuildFile; fileRef = 28B821C22080278B00B03890 /* EditProfileViewController.swift */; };
		28CC5D2B206B2602007B269A /* LoginViewController.swift in Sources */ = {isa = PBXBuildFile; fileRef = 28CC5D2A206B2602007B269A /* LoginViewController.swift */; };
		28CC5D2D206B260E007B269A /* SignUpViewController.swift in Sources */ = {isa = PBXBuildFile; fileRef = 28CC5D2C206B260E007B269A /* SignUpViewController.swift */; };
		28CC5D33206B3A11007B269A /* UserAccount.swift in Sources */ = {isa = PBXBuildFile; fileRef = 28CC5D32206B3A11007B269A /* UserAccount.swift */; };
		28D6E2F220895EF000D119D6 /* Comment.swift in Sources */ = {isa = PBXBuildFile; fileRef = 28D6E2F120895EF000D119D6 /* Comment.swift */; };
		3D902A57208971FE00E04BDB /* DetailViewController.swift in Sources */ = {isa = PBXBuildFile; fileRef = 3D902A56208971FE00E04BDB /* DetailViewController.swift */; };
		3D95943320716B3400BCEECF /* Post.swift in Sources */ = {isa = PBXBuildFile; fileRef = 3D95943220716B3400BCEECF /* Post.swift */; };
		3D95943520716BF100BCEECF /* JobCell.swift in Sources */ = {isa = PBXBuildFile; fileRef = 3D95943420716BF100BCEECF /* JobCell.swift */; };
		3D95943720716C9700BCEECF /* FeedViewController.swift in Sources */ = {isa = PBXBuildFile; fileRef = 3D95943620716C9700BCEECF /* FeedViewController.swift */; };
		58A4AE022FA53CEB86DE001A /* Pods_InterviewMe.framework in Frameworks */ = {isa = PBXBuildFile; fileRef = 8D99AC14E4223C8C55D7E396 /* Pods_InterviewMe.framework */; };
		C408F146D7EC44A2AA8028A5 /* Pods_InterviewMeTests.framework in Frameworks */ = {isa = PBXBuildFile; fileRef = 7839368BFB181948D6460265 /* Pods_InterviewMeTests.framework */; };
		E7B6910A208D98BF00E25DE1 /* CommentViewController.swift in Sources */ = {isa = PBXBuildFile; fileRef = E7B69109208D98BF00E25DE1 /* CommentViewController.swift */; };
		E7FB7C7D2050CCB000ADAF7B /* AppDelegate.swift in Sources */ = {isa = PBXBuildFile; fileRef = E7FB7C7C2050CCB000ADAF7B /* AppDelegate.swift */; };
		E7FB7C822050CCB000ADAF7B /* Main.storyboard in Resources */ = {isa = PBXBuildFile; fileRef = E7FB7C802050CCB000ADAF7B /* Main.storyboard */; };
		E7FB7C842050CCB000ADAF7B /* Assets.xcassets in Resources */ = {isa = PBXBuildFile; fileRef = E7FB7C832050CCB000ADAF7B /* Assets.xcassets */; };
		E7FB7C872050CCB000ADAF7B /* LaunchScreen.storyboard in Resources */ = {isa = PBXBuildFile; fileRef = E7FB7C852050CCB000ADAF7B /* LaunchScreen.storyboard */; };
		E7FB7C922050CCB000ADAF7B /* InterviewMeTests.swift in Sources */ = {isa = PBXBuildFile; fileRef = E7FB7C912050CCB000ADAF7B /* InterviewMeTests.swift */; };
		E7FB7C9D2050CCB000ADAF7B /* InterviewMeUITests.swift in Sources */ = {isa = PBXBuildFile; fileRef = E7FB7C9C2050CCB000ADAF7B /* InterviewMeUITests.swift */; };
		F7102958B8305BADA6364C20 /* Pods_InterviewMeUITests.framework in Frameworks */ = {isa = PBXBuildFile; fileRef = CE3DB4C577B029474616E606 /* Pods_InterviewMeUITests.framework */; };
/* End PBXBuildFile section */

/* Begin PBXContainerItemProxy section */
		E7FB7C8E2050CCB000ADAF7B /* PBXContainerItemProxy */ = {
			isa = PBXContainerItemProxy;
			containerPortal = E7FB7C712050CCB000ADAF7B /* Project object */;
			proxyType = 1;
			remoteGlobalIDString = E7FB7C782050CCB000ADAF7B;
			remoteInfo = InterviewMe;
		};
		E7FB7C992050CCB000ADAF7B /* PBXContainerItemProxy */ = {
			isa = PBXContainerItemProxy;
			containerPortal = E7FB7C712050CCB000ADAF7B /* Project object */;
			proxyType = 1;
			remoteGlobalIDString = E7FB7C782050CCB000ADAF7B;
			remoteInfo = InterviewMe;
		};
/* End PBXContainerItemProxy section */

/* Begin PBXFileReference section */
		008A9B2573E5BEC7CD28952A /* Pods-InterviewMe.release.xcconfig */ = {isa = PBXFileReference; includeInIndex = 1; lastKnownFileType = text.xcconfig; name = "Pods-InterviewMe.release.xcconfig"; path = "Pods/Target Support Files/Pods-InterviewMe/Pods-InterviewMe.release.xcconfig"; sourceTree = "<group>"; };
		04CD1F60D11C465599F5C745 /* Pods-InterviewMe.debug.xcconfig */ = {isa = PBXFileReference; includeInIndex = 1; lastKnownFileType = text.xcconfig; name = "Pods-InterviewMe.debug.xcconfig"; path = "Pods/Target Support Files/Pods-InterviewMe/Pods-InterviewMe.debug.xcconfig"; sourceTree = "<group>"; };
		282E2F50207AB6CD00BF169A /* ComposeViewController.swift */ = {isa = PBXFileReference; lastKnownFileType = sourcecode.swift; path = ComposeViewController.swift; sourceTree = "<group>"; };
		287288512075BCA80044D89F /* ProfileViewController.swift */ = {isa = PBXFileReference; lastKnownFileType = sourcecode.swift; path = ProfileViewController.swift; sourceTree = "<group>"; };
		287288592075CBF80044D89F /* SettingsTableViewController.swift */ = {isa = PBXFileReference; lastKnownFileType = sourcecode.swift; path = SettingsTableViewController.swift; sourceTree = "<group>"; };
		28B821C22080278B00B03890 /* EditProfileViewController.swift */ = {isa = PBXFileReference; lastKnownFileType = sourcecode.swift; path = EditProfileViewController.swift; sourceTree = "<group>"; };
		28CC5D2A206B2602007B269A /* LoginViewController.swift */ = {isa = PBXFileReference; lastKnownFileType = sourcecode.swift; path = LoginViewController.swift; sourceTree = "<group>"; };
		28CC5D2C206B260E007B269A /* SignUpViewController.swift */ = {isa = PBXFileReference; lastKnownFileType = sourcecode.swift; path = SignUpViewController.swift; sourceTree = "<group>"; };
		28CC5D32206B3A11007B269A /* UserAccount.swift */ = {isa = PBXFileReference; lastKnownFileType = sourcecode.swift; path = UserAccount.swift; sourceTree = "<group>"; };
		28D6E2F120895EF000D119D6 /* Comment.swift */ = {isa = PBXFileReference; lastKnownFileType = sourcecode.swift; path = Comment.swift; sourceTree = "<group>"; };
		388EA43B736160D5DF9FE723 /* Pods-InterviewMeTests.release.xcconfig */ = {isa = PBXFileReference; includeInIndex = 1; lastKnownFileType = text.xcconfig; name = "Pods-InterviewMeTests.release.xcconfig"; path = "Pods/Target Support Files/Pods-InterviewMeTests/Pods-InterviewMeTests.release.xcconfig"; sourceTree = "<group>"; };
		3D902A56208971FE00E04BDB /* DetailViewController.swift */ = {isa = PBXFileReference; lastKnownFileType = sourcecode.swift; path = DetailViewController.swift; sourceTree = "<group>"; };
		3D95943220716B3400BCEECF /* Post.swift */ = {isa = PBXFileReference; lastKnownFileType = sourcecode.swift; path = Post.swift; sourceTree = "<group>"; };
		3D95943420716BF100BCEECF /* JobCell.swift */ = {isa = PBXFileReference; lastKnownFileType = sourcecode.swift; name = JobCell.swift; path = InterviewMe/Classes/JobCell.swift; sourceTree = SOURCE_ROOT; };
		3D95943620716C9700BCEECF /* FeedViewController.swift */ = {isa = PBXFileReference; lastKnownFileType = sourcecode.swift; path = FeedViewController.swift; sourceTree = "<group>"; };
		536A309ED4C1A87D9A8A9C60 /* Pods-InterviewMeUITests.debug.xcconfig */ = {isa = PBXFileReference; includeInIndex = 1; lastKnownFileType = text.xcconfig; name = "Pods-InterviewMeUITests.debug.xcconfig"; path = "Pods/Target Support Files/Pods-InterviewMeUITests/Pods-InterviewMeUITests.debug.xcconfig"; sourceTree = "<group>"; };
		7839368BFB181948D6460265 /* Pods_InterviewMeTests.framework */ = {isa = PBXFileReference; explicitFileType = wrapper.framework; includeInIndex = 0; path = Pods_InterviewMeTests.framework; sourceTree = BUILT_PRODUCTS_DIR; };
		8D99AC14E4223C8C55D7E396 /* Pods_InterviewMe.framework */ = {isa = PBXFileReference; explicitFileType = wrapper.framework; includeInIndex = 0; path = Pods_InterviewMe.framework; sourceTree = BUILT_PRODUCTS_DIR; };
		B1DE20B05FE435B7AF706C12 /* Pods-InterviewMeUITests.release.xcconfig */ = {isa = PBXFileReference; includeInIndex = 1; lastKnownFileType = text.xcconfig; name = "Pods-InterviewMeUITests.release.xcconfig"; path = "Pods/Target Support Files/Pods-InterviewMeUITests/Pods-InterviewMeUITests.release.xcconfig"; sourceTree = "<group>"; };
		CE3DB4C577B029474616E606 /* Pods_InterviewMeUITests.framework */ = {isa = PBXFileReference; explicitFileType = wrapper.framework; includeInIndex = 0; path = Pods_InterviewMeUITests.framework; sourceTree = BUILT_PRODUCTS_DIR; };
		E7B69109208D98BF00E25DE1 /* CommentViewController.swift */ = {isa = PBXFileReference; lastKnownFileType = sourcecode.swift; path = CommentViewController.swift; sourceTree = "<group>"; };
		E7FB7C792050CCB000ADAF7B /* InterviewMe.app */ = {isa = PBXFileReference; explicitFileType = wrapper.application; includeInIndex = 0; path = InterviewMe.app; sourceTree = BUILT_PRODUCTS_DIR; };
		E7FB7C7C2050CCB000ADAF7B /* AppDelegate.swift */ = {isa = PBXFileReference; lastKnownFileType = sourcecode.swift; path = AppDelegate.swift; sourceTree = "<group>"; };
		E7FB7C812050CCB000ADAF7B /* Base */ = {isa = PBXFileReference; lastKnownFileType = file.storyboard; name = Base; path = Base.lproj/Main.storyboard; sourceTree = "<group>"; };
		E7FB7C832050CCB000ADAF7B /* Assets.xcassets */ = {isa = PBXFileReference; lastKnownFileType = folder.assetcatalog; path = Assets.xcassets; sourceTree = "<group>"; };
		E7FB7C862050CCB000ADAF7B /* Base */ = {isa = PBXFileReference; lastKnownFileType = file.storyboard; name = Base; path = Base.lproj/LaunchScreen.storyboard; sourceTree = "<group>"; };
		E7FB7C882050CCB000ADAF7B /* Info.plist */ = {isa = PBXFileReference; lastKnownFileType = text.plist.xml; path = Info.plist; sourceTree = "<group>"; };
		E7FB7C8D2050CCB000ADAF7B /* InterviewMeTests.xctest */ = {isa = PBXFileReference; explicitFileType = wrapper.cfbundle; includeInIndex = 0; path = InterviewMeTests.xctest; sourceTree = BUILT_PRODUCTS_DIR; };
		E7FB7C912050CCB000ADAF7B /* InterviewMeTests.swift */ = {isa = PBXFileReference; lastKnownFileType = sourcecode.swift; path = InterviewMeTests.swift; sourceTree = "<group>"; };
		E7FB7C932050CCB000ADAF7B /* Info.plist */ = {isa = PBXFileReference; lastKnownFileType = text.plist.xml; path = Info.plist; sourceTree = "<group>"; };
		E7FB7C982050CCB000ADAF7B /* InterviewMeUITests.xctest */ = {isa = PBXFileReference; explicitFileType = wrapper.cfbundle; includeInIndex = 0; path = InterviewMeUITests.xctest; sourceTree = BUILT_PRODUCTS_DIR; };
		E7FB7C9C2050CCB000ADAF7B /* InterviewMeUITests.swift */ = {isa = PBXFileReference; lastKnownFileType = sourcecode.swift; path = InterviewMeUITests.swift; sourceTree = "<group>"; };
		E7FB7C9E2050CCB000ADAF7B /* Info.plist */ = {isa = PBXFileReference; lastKnownFileType = text.plist.xml; path = Info.plist; sourceTree = "<group>"; };
		FEA57848BF2490B4E07858DB /* Pods-InterviewMeTests.debug.xcconfig */ = {isa = PBXFileReference; includeInIndex = 1; lastKnownFileType = text.xcconfig; name = "Pods-InterviewMeTests.debug.xcconfig"; path = "Pods/Target Support Files/Pods-InterviewMeTests/Pods-InterviewMeTests.debug.xcconfig"; sourceTree = "<group>"; };
/* End PBXFileReference section */

/* Begin PBXFrameworksBuildPhase section */
		E7FB7C762050CCB000ADAF7B /* Frameworks */ = {
			isa = PBXFrameworksBuildPhase;
			buildActionMask = 2147483647;
			files = (
				58A4AE022FA53CEB86DE001A /* Pods_InterviewMe.framework in Frameworks */,
			);
			runOnlyForDeploymentPostprocessing = 0;
		};
		E7FB7C8A2050CCB000ADAF7B /* Frameworks */ = {
			isa = PBXFrameworksBuildPhase;
			buildActionMask = 2147483647;
			files = (
				C408F146D7EC44A2AA8028A5 /* Pods_InterviewMeTests.framework in Frameworks */,
			);
			runOnlyForDeploymentPostprocessing = 0;
		};
		E7FB7C952050CCB000ADAF7B /* Frameworks */ = {
			isa = PBXFrameworksBuildPhase;
			buildActionMask = 2147483647;
			files = (
				F7102958B8305BADA6364C20 /* Pods_InterviewMeUITests.framework in Frameworks */,
			);
			runOnlyForDeploymentPostprocessing = 0;
		};
/* End PBXFrameworksBuildPhase section */

/* Begin PBXGroup section */
		28CC5D29206B25ED007B269A /* ViewControllers */ = {
			isa = PBXGroup;
			children = (
				28CC5D2A206B2602007B269A /* LoginViewController.swift */,
				28CC5D2C206B260E007B269A /* SignUpViewController.swift */,
				3D95943620716C9700BCEECF /* FeedViewController.swift */,
				287288512075BCA80044D89F /* ProfileViewController.swift */,
				28B821C22080278B00B03890 /* EditProfileViewController.swift */,
				287288592075CBF80044D89F /* SettingsTableViewController.swift */,
				282E2F50207AB6CD00BF169A /* ComposeViewController.swift */,
				3D902A56208971FE00E04BDB /* DetailViewController.swift */,
				E7B69109208D98BF00E25DE1 /* CommentViewController.swift */,
			);
			path = ViewControllers;
			sourceTree = "<group>";
		};
		28CC5D2E206B28A8007B269A /* Views */ = {
			isa = PBXGroup;
			children = (
				3D95943420716BF100BCEECF /* JobCell.swift */,
			);
			path = Views;
			sourceTree = "<group>";
		};
		28CC5D2F206B358D007B269A /* Classes */ = {
			isa = PBXGroup;
			children = (
				28CC5D32206B3A11007B269A /* UserAccount.swift */,
				3D95943220716B3400BCEECF /* Post.swift */,
				28D6E2F120895EF000D119D6 /* Comment.swift */,
			);
			path = Classes;
			sourceTree = "<group>";
		};
		37DCE4C0A377EAAD405FF326 /* Frameworks */ = {
			isa = PBXGroup;
			children = (
				8D99AC14E4223C8C55D7E396 /* Pods_InterviewMe.framework */,
				7839368BFB181948D6460265 /* Pods_InterviewMeTests.framework */,
				CE3DB4C577B029474616E606 /* Pods_InterviewMeUITests.framework */,
			);
			name = Frameworks;
			sourceTree = "<group>";
		};
		813B2D0621EEA0ACAC0D5026 /* Pods */ = {
			isa = PBXGroup;
			children = (
				04CD1F60D11C465599F5C745 /* Pods-InterviewMe.debug.xcconfig */,
				008A9B2573E5BEC7CD28952A /* Pods-InterviewMe.release.xcconfig */,
				FEA57848BF2490B4E07858DB /* Pods-InterviewMeTests.debug.xcconfig */,
				388EA43B736160D5DF9FE723 /* Pods-InterviewMeTests.release.xcconfig */,
				536A309ED4C1A87D9A8A9C60 /* Pods-InterviewMeUITests.debug.xcconfig */,
				B1DE20B05FE435B7AF706C12 /* Pods-InterviewMeUITests.release.xcconfig */,
			);
			name = Pods;
			sourceTree = "<group>";
		};
		E7FB7C702050CCB000ADAF7B = {
			isa = PBXGroup;
			children = (
				E7FB7C7B2050CCB000ADAF7B /* InterviewMe */,
				E7FB7C902050CCB000ADAF7B /* InterviewMeTests */,
				E7FB7C9B2050CCB000ADAF7B /* InterviewMeUITests */,
				E7FB7C7A2050CCB000ADAF7B /* Products */,
				813B2D0621EEA0ACAC0D5026 /* Pods */,
				37DCE4C0A377EAAD405FF326 /* Frameworks */,
			);
			sourceTree = "<group>";
		};
		E7FB7C7A2050CCB000ADAF7B /* Products */ = {
			isa = PBXGroup;
			children = (
				E7FB7C792050CCB000ADAF7B /* InterviewMe.app */,
				E7FB7C8D2050CCB000ADAF7B /* InterviewMeTests.xctest */,
				E7FB7C982050CCB000ADAF7B /* InterviewMeUITests.xctest */,
			);
			name = Products;
			sourceTree = "<group>";
		};
		E7FB7C7B2050CCB000ADAF7B /* InterviewMe */ = {
			isa = PBXGroup;
			children = (
				28CC5D2F206B358D007B269A /* Classes */,
				28CC5D2E206B28A8007B269A /* Views */,
				28CC5D29206B25ED007B269A /* ViewControllers */,
				E7FB7C7C2050CCB000ADAF7B /* AppDelegate.swift */,
				E7FB7C802050CCB000ADAF7B /* Main.storyboard */,
				E7FB7C832050CCB000ADAF7B /* Assets.xcassets */,
				E7FB7C852050CCB000ADAF7B /* LaunchScreen.storyboard */,
				E7FB7C882050CCB000ADAF7B /* Info.plist */,
			);
			path = InterviewMe;
			sourceTree = "<group>";
		};
		E7FB7C902050CCB000ADAF7B /* InterviewMeTests */ = {
			isa = PBXGroup;
			children = (
				E7FB7C912050CCB000ADAF7B /* InterviewMeTests.swift */,
				E7FB7C932050CCB000ADAF7B /* Info.plist */,
			);
			path = InterviewMeTests;
			sourceTree = "<group>";
		};
		E7FB7C9B2050CCB000ADAF7B /* InterviewMeUITests */ = {
			isa = PBXGroup;
			children = (
				E7FB7C9C2050CCB000ADAF7B /* InterviewMeUITests.swift */,
				E7FB7C9E2050CCB000ADAF7B /* Info.plist */,
			);
			path = InterviewMeUITests;
			sourceTree = "<group>";
		};
/* End PBXGroup section */

/* Begin PBXNativeTarget section */
		E7FB7C782050CCB000ADAF7B /* InterviewMe */ = {
			isa = PBXNativeTarget;
			buildConfigurationList = E7FB7CA12050CCB000ADAF7B /* Build configuration list for PBXNativeTarget "InterviewMe" */;
			buildPhases = (
				46BD8F69D8FB3C6FA7EE08B5 /* [CP] Check Pods Manifest.lock */,
				E7FB7C752050CCB000ADAF7B /* Sources */,
				E7FB7C762050CCB000ADAF7B /* Frameworks */,
				E7FB7C772050CCB000ADAF7B /* Resources */,
				B933AE4874331AB8DDF25455 /* [CP] Embed Pods Frameworks */,
				751B714C49B7D81052A8B464 /* [CP] Copy Pods Resources */,
			);
			buildRules = (
			);
			dependencies = (
			);
			name = InterviewMe;
			productName = InterviewMe;
			productReference = E7FB7C792050CCB000ADAF7B /* InterviewMe.app */;
			productType = "com.apple.product-type.application";
		};
		E7FB7C8C2050CCB000ADAF7B /* InterviewMeTests */ = {
			isa = PBXNativeTarget;
			buildConfigurationList = E7FB7CA42050CCB000ADAF7B /* Build configuration list for PBXNativeTarget "InterviewMeTests" */;
			buildPhases = (
				85F6278CE26A579789A47F9C /* [CP] Check Pods Manifest.lock */,
				E7FB7C892050CCB000ADAF7B /* Sources */,
				E7FB7C8A2050CCB000ADAF7B /* Frameworks */,
				E7FB7C8B2050CCB000ADAF7B /* Resources */,
				96CAB211D7A2EFC94E6F23A0 /* [CP] Embed Pods Frameworks */,
				3DAB18268AD1D2BE4701D41E /* [CP] Copy Pods Resources */,
			);
			buildRules = (
			);
			dependencies = (
				E7FB7C8F2050CCB000ADAF7B /* PBXTargetDependency */,
			);
			name = InterviewMeTests;
			productName = InterviewMeTests;
			productReference = E7FB7C8D2050CCB000ADAF7B /* InterviewMeTests.xctest */;
			productType = "com.apple.product-type.bundle.unit-test";
		};
		E7FB7C972050CCB000ADAF7B /* InterviewMeUITests */ = {
			isa = PBXNativeTarget;
			buildConfigurationList = E7FB7CA72050CCB000ADAF7B /* Build configuration list for PBXNativeTarget "InterviewMeUITests" */;
			buildPhases = (
				DACA41C1AAA1F46D0F609403 /* [CP] Check Pods Manifest.lock */,
				E7FB7C942050CCB000ADAF7B /* Sources */,
				E7FB7C952050CCB000ADAF7B /* Frameworks */,
				E7FB7C962050CCB000ADAF7B /* Resources */,
				EF94E9AE10750655270A0F61 /* [CP] Embed Pods Frameworks */,
				65A08A12E861CA94A42D97D2 /* [CP] Copy Pods Resources */,
			);
			buildRules = (
			);
			dependencies = (
				E7FB7C9A2050CCB000ADAF7B /* PBXTargetDependency */,
			);
			name = InterviewMeUITests;
			productName = InterviewMeUITests;
			productReference = E7FB7C982050CCB000ADAF7B /* InterviewMeUITests.xctest */;
			productType = "com.apple.product-type.bundle.ui-testing";
		};
/* End PBXNativeTarget section */

/* Begin PBXProject section */
		E7FB7C712050CCB000ADAF7B /* Project object */ = {
			isa = PBXProject;
			attributes = {
				LastSwiftUpdateCheck = 0920;
				LastUpgradeCheck = 0920;
				ORGANIZATIONNAME = "Somi Singh";
				TargetAttributes = {
					E7FB7C782050CCB000ADAF7B = {
						CreatedOnToolsVersion = 9.2;
						ProvisioningStyle = Automatic;
					};
					E7FB7C8C2050CCB000ADAF7B = {
						CreatedOnToolsVersion = 9.2;
						ProvisioningStyle = Automatic;
						TestTargetID = E7FB7C782050CCB000ADAF7B;
					};
					E7FB7C972050CCB000ADAF7B = {
						CreatedOnToolsVersion = 9.2;
						ProvisioningStyle = Automatic;
						TestTargetID = E7FB7C782050CCB000ADAF7B;
					};
				};
			};
			buildConfigurationList = E7FB7C742050CCB000ADAF7B /* Build configuration list for PBXProject "InterviewMe" */;
			compatibilityVersion = "Xcode 8.0";
			developmentRegion = en;
			hasScannedForEncodings = 0;
			knownRegions = (
				en,
				Base,
			);
			mainGroup = E7FB7C702050CCB000ADAF7B;
			productRefGroup = E7FB7C7A2050CCB000ADAF7B /* Products */;
			projectDirPath = "";
			projectRoot = "";
			targets = (
				E7FB7C782050CCB000ADAF7B /* InterviewMe */,
				E7FB7C8C2050CCB000ADAF7B /* InterviewMeTests */,
				E7FB7C972050CCB000ADAF7B /* InterviewMeUITests */,
			);
		};
/* End PBXProject section */

/* Begin PBXResourcesBuildPhase section */
		E7FB7C772050CCB000ADAF7B /* Resources */ = {
			isa = PBXResourcesBuildPhase;
			buildActionMask = 2147483647;
			files = (
				E7FB7C872050CCB000ADAF7B /* LaunchScreen.storyboard in Resources */,
				E7FB7C842050CCB000ADAF7B /* Assets.xcassets in Resources */,
				E7FB7C822050CCB000ADAF7B /* Main.storyboard in Resources */,
			);
			runOnlyForDeploymentPostprocessing = 0;
		};
		E7FB7C8B2050CCB000ADAF7B /* Resources */ = {
			isa = PBXResourcesBuildPhase;
			buildActionMask = 2147483647;
			files = (
			);
			runOnlyForDeploymentPostprocessing = 0;
		};
		E7FB7C962050CCB000ADAF7B /* Resources */ = {
			isa = PBXResourcesBuildPhase;
			buildActionMask = 2147483647;
			files = (
			);
			runOnlyForDeploymentPostprocessing = 0;
		};
/* End PBXResourcesBuildPhase section */

/* Begin PBXShellScriptBuildPhase section */
		3DAB18268AD1D2BE4701D41E /* [CP] Copy Pods Resources */ = {
			isa = PBXShellScriptBuildPhase;
			buildActionMask = 2147483647;
			files = (
			);
			inputPaths = (
			);
			name = "[CP] Copy Pods Resources";
			outputPaths = (
			);
			runOnlyForDeploymentPostprocessing = 0;
			shellPath = /bin/sh;
			shellScript = "\"${SRCROOT}/Pods/Target Support Files/Pods-InterviewMeTests/Pods-InterviewMeTests-resources.sh\"\n";
			showEnvVarsInLog = 0;
		};
		46BD8F69D8FB3C6FA7EE08B5 /* [CP] Check Pods Manifest.lock */ = {
			isa = PBXShellScriptBuildPhase;
			buildActionMask = 2147483647;
			files = (
			);
			inputPaths = (
				"${PODS_PODFILE_DIR_PATH}/Podfile.lock",
				"${PODS_ROOT}/Manifest.lock",
			);
			name = "[CP] Check Pods Manifest.lock";
			outputPaths = (
				"$(DERIVED_FILE_DIR)/Pods-InterviewMe-checkManifestLockResult.txt",
			);
			runOnlyForDeploymentPostprocessing = 0;
			shellPath = /bin/sh;
			shellScript = "diff \"${PODS_PODFILE_DIR_PATH}/Podfile.lock\" \"${PODS_ROOT}/Manifest.lock\" > /dev/null\nif [ $? != 0 ] ; then\n    # print error to STDERR\n    echo \"error: The sandbox is not in sync with the Podfile.lock. Run 'pod install' or update your CocoaPods installation.\" >&2\n    exit 1\nfi\n# This output is used by Xcode 'outputs' to avoid re-running this script phase.\necho \"SUCCESS\" > \"${SCRIPT_OUTPUT_FILE_0}\"\n";
			showEnvVarsInLog = 0;
		};
		65A08A12E861CA94A42D97D2 /* [CP] Copy Pods Resources */ = {
			isa = PBXShellScriptBuildPhase;
			buildActionMask = 2147483647;
			files = (
			);
			inputPaths = (
			);
			name = "[CP] Copy Pods Resources";
			outputPaths = (
			);
			runOnlyForDeploymentPostprocessing = 0;
			shellPath = /bin/sh;
			shellScript = "\"${SRCROOT}/Pods/Target Support Files/Pods-InterviewMeUITests/Pods-InterviewMeUITests-resources.sh\"\n";
			showEnvVarsInLog = 0;
		};
		751B714C49B7D81052A8B464 /* [CP] Copy Pods Resources */ = {
			isa = PBXShellScriptBuildPhase;
			buildActionMask = 2147483647;
			files = (
			);
			inputPaths = (
			);
			name = "[CP] Copy Pods Resources";
			outputPaths = (
			);
			runOnlyForDeploymentPostprocessing = 0;
			shellPath = /bin/sh;
			shellScript = "\"${SRCROOT}/Pods/Target Support Files/Pods-InterviewMe/Pods-InterviewMe-resources.sh\"\n";
			showEnvVarsInLog = 0;
		};
		85F6278CE26A579789A47F9C /* [CP] Check Pods Manifest.lock */ = {
			isa = PBXShellScriptBuildPhase;
			buildActionMask = 2147483647;
			files = (
			);
			inputPaths = (
				"${PODS_PODFILE_DIR_PATH}/Podfile.lock",
				"${PODS_ROOT}/Manifest.lock",
			);
			name = "[CP] Check Pods Manifest.lock";
			outputPaths = (
				"$(DERIVED_FILE_DIR)/Pods-InterviewMeTests-checkManifestLockResult.txt",
			);
			runOnlyForDeploymentPostprocessing = 0;
			shellPath = /bin/sh;
			shellScript = "diff \"${PODS_PODFILE_DIR_PATH}/Podfile.lock\" \"${PODS_ROOT}/Manifest.lock\" > /dev/null\nif [ $? != 0 ] ; then\n    # print error to STDERR\n    echo \"error: The sandbox is not in sync with the Podfile.lock. Run 'pod install' or update your CocoaPods installation.\" >&2\n    exit 1\nfi\n# This output is used by Xcode 'outputs' to avoid re-running this script phase.\necho \"SUCCESS\" > \"${SCRIPT_OUTPUT_FILE_0}\"\n";
			showEnvVarsInLog = 0;
		};
		96CAB211D7A2EFC94E6F23A0 /* [CP] Embed Pods Frameworks */ = {
			isa = PBXShellScriptBuildPhase;
			buildActionMask = 2147483647;
			files = (
			);
			inputPaths = (
			);
			name = "[CP] Embed Pods Frameworks";
			outputPaths = (
			);
			runOnlyForDeploymentPostprocessing = 0;
			shellPath = /bin/sh;
			shellScript = "\"${SRCROOT}/Pods/Target Support Files/Pods-InterviewMeTests/Pods-InterviewMeTests-frameworks.sh\"\n";
			showEnvVarsInLog = 0;
		};
		B933AE4874331AB8DDF25455 /* [CP] Embed Pods Frameworks */ = {
			isa = PBXShellScriptBuildPhase;
			buildActionMask = 2147483647;
			files = (
			);
			inputPaths = (
				"${SRCROOT}/Pods/Target Support Files/Pods-InterviewMe/Pods-InterviewMe-frameworks.sh",
				"${BUILT_PRODUCTS_DIR}/Bolts/Bolts.framework",
				"${BUILT_PRODUCTS_DIR}/Parse/Parse.framework",
			);
			name = "[CP] Embed Pods Frameworks";
			outputPaths = (
				"${TARGET_BUILD_DIR}/${FRAMEWORKS_FOLDER_PATH}/Bolts.framework",
				"${TARGET_BUILD_DIR}/${FRAMEWORKS_FOLDER_PATH}/Parse.framework",
			);
			runOnlyForDeploymentPostprocessing = 0;
			shellPath = /bin/sh;
			shellScript = "\"${SRCROOT}/Pods/Target Support Files/Pods-InterviewMe/Pods-InterviewMe-frameworks.sh\"\n";
			showEnvVarsInLog = 0;
		};
		DACA41C1AAA1F46D0F609403 /* [CP] Check Pods Manifest.lock */ = {
			isa = PBXShellScriptBuildPhase;
			buildActionMask = 2147483647;
			files = (
			);
			inputPaths = (
				"${PODS_PODFILE_DIR_PATH}/Podfile.lock",
				"${PODS_ROOT}/Manifest.lock",
			);
			name = "[CP] Check Pods Manifest.lock";
			outputPaths = (
				"$(DERIVED_FILE_DIR)/Pods-InterviewMeUITests-checkManifestLockResult.txt",
			);
			runOnlyForDeploymentPostprocessing = 0;
			shellPath = /bin/sh;
			shellScript = "diff \"${PODS_PODFILE_DIR_PATH}/Podfile.lock\" \"${PODS_ROOT}/Manifest.lock\" > /dev/null\nif [ $? != 0 ] ; then\n    # print error to STDERR\n    echo \"error: The sandbox is not in sync with the Podfile.lock. Run 'pod install' or update your CocoaPods installation.\" >&2\n    exit 1\nfi\n# This output is used by Xcode 'outputs' to avoid re-running this script phase.\necho \"SUCCESS\" > \"${SCRIPT_OUTPUT_FILE_0}\"\n";
			showEnvVarsInLog = 0;
		};
		EF94E9AE10750655270A0F61 /* [CP] Embed Pods Frameworks */ = {
			isa = PBXShellScriptBuildPhase;
			buildActionMask = 2147483647;
			files = (
			);
			inputPaths = (
			);
			name = "[CP] Embed Pods Frameworks";
			outputPaths = (
			);
			runOnlyForDeploymentPostprocessing = 0;
			shellPath = /bin/sh;
			shellScript = "\"${SRCROOT}/Pods/Target Support Files/Pods-InterviewMeUITests/Pods-InterviewMeUITests-frameworks.sh\"\n";
			showEnvVarsInLog = 0;
		};
/* End PBXShellScriptBuildPhase section */

/* Begin PBXSourcesBuildPhase section */
		E7FB7C752050CCB000ADAF7B /* Sources */ = {
			isa = PBXSourcesBuildPhase;
			buildActionMask = 2147483647;
			files = (
				E7B6910A208D98BF00E25DE1 /* CommentViewController.swift in Sources */,
				3D902A57208971FE00E04BDB /* DetailViewController.swift in Sources */,
				28B821C32080278B00B03890 /* EditProfileViewController.swift in Sources */,
				28CC5D2B206B2602007B269A /* LoginViewController.swift in Sources */,
				3D95943520716BF100BCEECF /* JobCell.swift in Sources */,
				28CC5D2D206B260E007B269A /* SignUpViewController.swift in Sources */,
				E7FB7C7D2050CCB000ADAF7B /* AppDelegate.swift in Sources */,
				28CC5D33206B3A11007B269A /* UserAccount.swift in Sources */,
				3D95943320716B3400BCEECF /* Post.swift in Sources */,
				28D6E2F220895EF000D119D6 /* Comment.swift in Sources */,
				282E2F51207AB6CD00BF169A /* ComposeViewController.swift in Sources */,
				2872885A2075CBF80044D89F /* SettingsTableViewController.swift in Sources */,
				287288522075BCA90044D89F /* ProfileViewController.swift in Sources */,
				3D95943720716C9700BCEECF /* FeedViewController.swift in Sources */,
			);
			runOnlyForDeploymentPostprocessing = 0;
		};
		E7FB7C892050CCB000ADAF7B /* Sources */ = {
			isa = PBXSourcesBuildPhase;
			buildActionMask = 2147483647;
			files = (
				E7FB7C922050CCB000ADAF7B /* InterviewMeTests.swift in Sources */,
			);
			runOnlyForDeploymentPostprocessing = 0;
		};
		E7FB7C942050CCB000ADAF7B /* Sources */ = {
			isa = PBXSourcesBuildPhase;
			buildActionMask = 2147483647;
			files = (
				E7FB7C9D2050CCB000ADAF7B /* InterviewMeUITests.swift in Sources */,
			);
			runOnlyForDeploymentPostprocessing = 0;
		};
/* End PBXSourcesBuildPhase section */

/* Begin PBXTargetDependency section */
		E7FB7C8F2050CCB000ADAF7B /* PBXTargetDependency */ = {
			isa = PBXTargetDependency;
			target = E7FB7C782050CCB000ADAF7B /* InterviewMe */;
			targetProxy = E7FB7C8E2050CCB000ADAF7B /* PBXContainerItemProxy */;
		};
		E7FB7C9A2050CCB000ADAF7B /* PBXTargetDependency */ = {
			isa = PBXTargetDependency;
			target = E7FB7C782050CCB000ADAF7B /* InterviewMe */;
			targetProxy = E7FB7C992050CCB000ADAF7B /* PBXContainerItemProxy */;
		};
/* End PBXTargetDependency section */

/* Begin PBXVariantGroup section */
		E7FB7C802050CCB000ADAF7B /* Main.storyboard */ = {
			isa = PBXVariantGroup;
			children = (
				E7FB7C812050CCB000ADAF7B /* Base */,
			);
			name = Main.storyboard;
			sourceTree = "<group>";
		};
		E7FB7C852050CCB000ADAF7B /* LaunchScreen.storyboard */ = {
			isa = PBXVariantGroup;
			children = (
				E7FB7C862050CCB000ADAF7B /* Base */,
			);
			name = LaunchScreen.storyboard;
			sourceTree = "<group>";
		};
/* End PBXVariantGroup section */

/* Begin XCBuildConfiguration section */
		E7FB7C9F2050CCB000ADAF7B /* Debug */ = {
			isa = XCBuildConfiguration;
			buildSettings = {
				ALWAYS_SEARCH_USER_PATHS = NO;
				CLANG_ANALYZER_NONNULL = YES;
				CLANG_ANALYZER_NUMBER_OBJECT_CONVERSION = YES_AGGRESSIVE;
				CLANG_CXX_LANGUAGE_STANDARD = "gnu++14";
				CLANG_CXX_LIBRARY = "libc++";
				CLANG_ENABLE_MODULES = YES;
				CLANG_ENABLE_OBJC_ARC = YES;
				CLANG_WARN_BLOCK_CAPTURE_AUTORELEASING = YES;
				CLANG_WARN_BOOL_CONVERSION = YES;
				CLANG_WARN_COMMA = YES;
				CLANG_WARN_CONSTANT_CONVERSION = YES;
				CLANG_WARN_DIRECT_OBJC_ISA_USAGE = YES_ERROR;
				CLANG_WARN_DOCUMENTATION_COMMENTS = YES;
				CLANG_WARN_EMPTY_BODY = YES;
				CLANG_WARN_ENUM_CONVERSION = YES;
				CLANG_WARN_INFINITE_RECURSION = YES;
				CLANG_WARN_INT_CONVERSION = YES;
				CLANG_WARN_NON_LITERAL_NULL_CONVERSION = YES;
				CLANG_WARN_OBJC_LITERAL_CONVERSION = YES;
				CLANG_WARN_OBJC_ROOT_CLASS = YES_ERROR;
				CLANG_WARN_RANGE_LOOP_ANALYSIS = YES;
				CLANG_WARN_STRICT_PROTOTYPES = YES;
				CLANG_WARN_SUSPICIOUS_MOVE = YES;
				CLANG_WARN_UNGUARDED_AVAILABILITY = YES_AGGRESSIVE;
				CLANG_WARN_UNREACHABLE_CODE = YES;
				CLANG_WARN__DUPLICATE_METHOD_MATCH = YES;
				CODE_SIGN_IDENTITY = "iPhone Developer";
				COPY_PHASE_STRIP = NO;
				DEBUG_INFORMATION_FORMAT = dwarf;
				ENABLE_STRICT_OBJC_MSGSEND = YES;
				ENABLE_TESTABILITY = YES;
				GCC_C_LANGUAGE_STANDARD = gnu11;
				GCC_DYNAMIC_NO_PIC = NO;
				GCC_NO_COMMON_BLOCKS = YES;
				GCC_OPTIMIZATION_LEVEL = 0;
				GCC_PREPROCESSOR_DEFINITIONS = (
					"DEBUG=1",
					"$(inherited)",
				);
				GCC_WARN_64_TO_32_BIT_CONVERSION = YES;
				GCC_WARN_ABOUT_RETURN_TYPE = YES_ERROR;
				GCC_WARN_UNDECLARED_SELECTOR = YES;
				GCC_WARN_UNINITIALIZED_AUTOS = YES_AGGRESSIVE;
				GCC_WARN_UNUSED_FUNCTION = YES;
				GCC_WARN_UNUSED_VARIABLE = YES;
				IPHONEOS_DEPLOYMENT_TARGET = 11.2;
				MTL_ENABLE_DEBUG_INFO = YES;
				ONLY_ACTIVE_ARCH = YES;
				SDKROOT = iphoneos;
				SWIFT_ACTIVE_COMPILATION_CONDITIONS = DEBUG;
				SWIFT_OPTIMIZATION_LEVEL = "-Onone";
			};
			name = Debug;
		};
		E7FB7CA02050CCB000ADAF7B /* Release */ = {
			isa = XCBuildConfiguration;
			buildSettings = {
				ALWAYS_SEARCH_USER_PATHS = NO;
				CLANG_ANALYZER_NONNULL = YES;
				CLANG_ANALYZER_NUMBER_OBJECT_CONVERSION = YES_AGGRESSIVE;
				CLANG_CXX_LANGUAGE_STANDARD = "gnu++14";
				CLANG_CXX_LIBRARY = "libc++";
				CLANG_ENABLE_MODULES = YES;
				CLANG_ENABLE_OBJC_ARC = YES;
				CLANG_WARN_BLOCK_CAPTURE_AUTORELEASING = YES;
				CLANG_WARN_BOOL_CONVERSION = YES;
				CLANG_WARN_COMMA = YES;
				CLANG_WARN_CONSTANT_CONVERSION = YES;
				CLANG_WARN_DIRECT_OBJC_ISA_USAGE = YES_ERROR;
				CLANG_WARN_DOCUMENTATION_COMMENTS = YES;
				CLANG_WARN_EMPTY_BODY = YES;
				CLANG_WARN_ENUM_CONVERSION = YES;
				CLANG_WARN_INFINITE_RECURSION = YES;
				CLANG_WARN_INT_CONVERSION = YES;
				CLANG_WARN_NON_LITERAL_NULL_CONVERSION = YES;
				CLANG_WARN_OBJC_LITERAL_CONVERSION = YES;
				CLANG_WARN_OBJC_ROOT_CLASS = YES_ERROR;
				CLANG_WARN_RANGE_LOOP_ANALYSIS = YES;
				CLANG_WARN_STRICT_PROTOTYPES = YES;
				CLANG_WARN_SUSPICIOUS_MOVE = YES;
				CLANG_WARN_UNGUARDED_AVAILABILITY = YES_AGGRESSIVE;
				CLANG_WARN_UNREACHABLE_CODE = YES;
				CLANG_WARN__DUPLICATE_METHOD_MATCH = YES;
				CODE_SIGN_IDENTITY = "iPhone Developer";
				COPY_PHASE_STRIP = NO;
				DEBUG_INFORMATION_FORMAT = "dwarf-with-dsym";
				ENABLE_NS_ASSERTIONS = NO;
				ENABLE_STRICT_OBJC_MSGSEND = YES;
				GCC_C_LANGUAGE_STANDARD = gnu11;
				GCC_NO_COMMON_BLOCKS = YES;
				GCC_WARN_64_TO_32_BIT_CONVERSION = YES;
				GCC_WARN_ABOUT_RETURN_TYPE = YES_ERROR;
				GCC_WARN_UNDECLARED_SELECTOR = YES;
				GCC_WARN_UNINITIALIZED_AUTOS = YES_AGGRESSIVE;
				GCC_WARN_UNUSED_FUNCTION = YES;
				GCC_WARN_UNUSED_VARIABLE = YES;
				IPHONEOS_DEPLOYMENT_TARGET = 11.2;
				MTL_ENABLE_DEBUG_INFO = NO;
				SDKROOT = iphoneos;
				SWIFT_OPTIMIZATION_LEVEL = "-Owholemodule";
				VALIDATE_PRODUCT = YES;
			};
			name = Release;
		};
		E7FB7CA22050CCB000ADAF7B /* Debug */ = {
			isa = XCBuildConfiguration;
			baseConfigurationReference = 04CD1F60D11C465599F5C745 /* Pods-InterviewMe.debug.xcconfig */;
			buildSettings = {
				ASSETCATALOG_COMPILER_APPICON_NAME = AppIcon;
				CODE_SIGN_STYLE = Automatic;
				INFOPLIST_FILE = InterviewMe/Info.plist;
				LD_RUNPATH_SEARCH_PATHS = "$(inherited) @executable_path/Frameworks";
				PRODUCT_BUNDLE_IDENTIFIER = sks3.InterviewMe;
				PRODUCT_NAME = "$(TARGET_NAME)";
				SWIFT_VERSION = 4.0;
				TARGETED_DEVICE_FAMILY = "1,2";
			};
			name = Debug;
		};
		E7FB7CA32050CCB000ADAF7B /* Release */ = {
			isa = XCBuildConfiguration;
			baseConfigurationReference = 008A9B2573E5BEC7CD28952A /* Pods-InterviewMe.release.xcconfig */;
			buildSettings = {
				ASSETCATALOG_COMPILER_APPICON_NAME = AppIcon;
				CODE_SIGN_STYLE = Automatic;
				INFOPLIST_FILE = InterviewMe/Info.plist;
				LD_RUNPATH_SEARCH_PATHS = "$(inherited) @executable_path/Frameworks";
				PRODUCT_BUNDLE_IDENTIFIER = sks3.InterviewMe;
				PRODUCT_NAME = "$(TARGET_NAME)";
				SWIFT_VERSION = 4.0;
				TARGETED_DEVICE_FAMILY = "1,2";
			};
			name = Release;
		};
		E7FB7CA52050CCB000ADAF7B /* Debug */ = {
			isa = XCBuildConfiguration;
			baseConfigurationReference = FEA57848BF2490B4E07858DB /* Pods-InterviewMeTests.debug.xcconfig */;
			buildSettings = {
				ALWAYS_EMBED_SWIFT_STANDARD_LIBRARIES = YES;
				BUNDLE_LOADER = "$(TEST_HOST)";
				CODE_SIGN_STYLE = Automatic;
				INFOPLIST_FILE = InterviewMeTests/Info.plist;
				LD_RUNPATH_SEARCH_PATHS = "$(inherited) @executable_path/Frameworks @loader_path/Frameworks";
				PRODUCT_BUNDLE_IDENTIFIER = sks3.InterviewMeTests;
				PRODUCT_NAME = "$(TARGET_NAME)";
				SWIFT_VERSION = 4.0;
				TARGETED_DEVICE_FAMILY = "1,2";
				TEST_HOST = "$(BUILT_PRODUCTS_DIR)/InterviewMe.app/InterviewMe";
			};
			name = Debug;
		};
		E7FB7CA62050CCB000ADAF7B /* Release */ = {
			isa = XCBuildConfiguration;
			baseConfigurationReference = 388EA43B736160D5DF9FE723 /* Pods-InterviewMeTests.release.xcconfig */;
			buildSettings = {
				ALWAYS_EMBED_SWIFT_STANDARD_LIBRARIES = YES;
				BUNDLE_LOADER = "$(TEST_HOST)";
				CODE_SIGN_STYLE = Automatic;
				INFOPLIST_FILE = InterviewMeTests/Info.plist;
				LD_RUNPATH_SEARCH_PATHS = "$(inherited) @executable_path/Frameworks @loader_path/Frameworks";
				PRODUCT_BUNDLE_IDENTIFIER = sks3.InterviewMeTests;
				PRODUCT_NAME = "$(TARGET_NAME)";
				SWIFT_VERSION = 4.0;
				TARGETED_DEVICE_FAMILY = "1,2";
				TEST_HOST = "$(BUILT_PRODUCTS_DIR)/InterviewMe.app/InterviewMe";
			};
			name = Release;
		};
		E7FB7CA82050CCB000ADAF7B /* Debug */ = {
			isa = XCBuildConfiguration;
			baseConfigurationReference = 536A309ED4C1A87D9A8A9C60 /* Pods-InterviewMeUITests.debug.xcconfig */;
			buildSettings = {
				ALWAYS_EMBED_SWIFT_STANDARD_LIBRARIES = YES;
				CODE_SIGN_STYLE = Automatic;
				INFOPLIST_FILE = InterviewMeUITests/Info.plist;
				LD_RUNPATH_SEARCH_PATHS = "$(inherited) @executable_path/Frameworks @loader_path/Frameworks";
				PRODUCT_BUNDLE_IDENTIFIER = sks3.InterviewMeUITests;
				PRODUCT_NAME = "$(TARGET_NAME)";
				SWIFT_VERSION = 4.0;
				TARGETED_DEVICE_FAMILY = "1,2";
				TEST_TARGET_NAME = InterviewMe;
			};
			name = Debug;
		};
		E7FB7CA92050CCB000ADAF7B /* Release */ = {
			isa = XCBuildConfiguration;
			baseConfigurationReference = B1DE20B05FE435B7AF706C12 /* Pods-InterviewMeUITests.release.xcconfig */;
			buildSettings = {
				ALWAYS_EMBED_SWIFT_STANDARD_LIBRARIES = YES;
				CODE_SIGN_STYLE = Automatic;
				INFOPLIST_FILE = InterviewMeUITests/Info.plist;
				LD_RUNPATH_SEARCH_PATHS = "$(inherited) @executable_path/Frameworks @loader_path/Frameworks";
				PRODUCT_BUNDLE_IDENTIFIER = sks3.InterviewMeUITests;
				PRODUCT_NAME = "$(TARGET_NAME)";
				SWIFT_VERSION = 4.0;
				TARGETED_DEVICE_FAMILY = "1,2";
				TEST_TARGET_NAME = InterviewMe;
			};
			name = Release;
		};
/* End XCBuildConfiguration section */

/* Begin XCConfigurationList section */
		E7FB7C742050CCB000ADAF7B /* Build configuration list for PBXProject "InterviewMe" */ = {
			isa = XCConfigurationList;
			buildConfigurations = (
				E7FB7C9F2050CCB000ADAF7B /* Debug */,
				E7FB7CA02050CCB000ADAF7B /* Release */,
			);
			defaultConfigurationIsVisible = 0;
			defaultConfigurationName = Release;
		};
		E7FB7CA12050CCB000ADAF7B /* Build configuration list for PBXNativeTarget "InterviewMe" */ = {
			isa = XCConfigurationList;
			buildConfigurations = (
				E7FB7CA22050CCB000ADAF7B /* Debug */,
				E7FB7CA32050CCB000ADAF7B /* Release */,
			);
			defaultConfigurationIsVisible = 0;
			defaultConfigurationName = Release;
		};
		E7FB7CA42050CCB000ADAF7B /* Build configuration list for PBXNativeTarget "InterviewMeTests" */ = {
			isa = XCConfigurationList;
			buildConfigurations = (
				E7FB7CA52050CCB000ADAF7B /* Debug */,
				E7FB7CA62050CCB000ADAF7B /* Release */,
			);
			defaultConfigurationIsVisible = 0;
			defaultConfigurationName = Release;
		};
		E7FB7CA72050CCB000ADAF7B /* Build configuration list for PBXNativeTarget "InterviewMeUITests" */ = {
			isa = XCConfigurationList;
			buildConfigurations = (
				E7FB7CA82050CCB000ADAF7B /* Debug */,
				E7FB7CA92050CCB000ADAF7B /* Release */,
			);
			defaultConfigurationIsVisible = 0;
			defaultConfigurationName = Release;
		};
/* End XCConfigurationList section */
	};
	rootObject = E7FB7C712050CCB000ADAF7B /* Project object */;
}
